
Microsoft Visual Studio Solution File, Format Version 12.00
# Visual Studio 14
VisualStudioVersion = 14.0.25420.1
MinimumVisualStudioVersion = 10.0.40219.1
Project("{FAE04EC0-301F-11D3-BF4B-00C04F79EFBC}") = "PeopleManager", "PeopleManager\PeopleManager.csproj", "{B4E5F420-08CF-45EF-BFB5-942A4AE1C6BD}"
EndProject
Project("{FAE04EC0-301F-11D3-BF4B-00C04F79EFBC}") = "PeopleManager.DataAccess", "PeopleManager.DataAccess\PeopleManager.DataAccess.csproj", "{A9C20DE5-B4A2-4307-991F-432D7F5E88F2}"
EndProject
Project("{FAE04EC0-301F-11D3-BF4B-00C04F79EFBC}") = "PeopleManager.Model", "PeopleManager.Model\PeopleManager.Model.csproj", "{F95D470B-F27F-4DEF-859B-E7A169213D34}"
EndProject
Global
	GlobalSection(SolutionConfigurationPlatforms) = preSolution
		Debug|Any CPU = Debug|Any CPU
		Release|Any CPU = Release|Any CPU
	EndGlobalSection
	GlobalSection(ProjectConfigurationPlatforms) = postSolution
		{B4E5F420-08CF-45EF-BFB5-942A4AE1C6BD}.Debug|Any CPU.ActiveCfg = Debug|Any CPU
		{B4E5F420-08CF-45EF-BFB5-942A4AE1C6BD}.Debug|Any CPU.Build.0 = Debug|Any CPU
		{B4E5F420-08CF-45EF-BFB5-942A4AE1C6BD}.Release|Any CPU.ActiveCfg = Release|Any CPU
		{B4E5F420-08CF-45EF-BFB5-942A4AE1C6BD}.Release|Any CPU.Build.0 = Release|Any CPU
		{A9C20DE5-B4A2-4307-991F-432D7F5E88F2}.Debug|Any CPU.ActiveCfg = Debug|Any CPU
		{A9C20DE5-B4A2-4307-991F-432D7F5E88F2}.Debug|Any CPU.Build.0 = Debug|Any CPU
		{A9C20DE5-B4A2-4307-991F-432D7F5E88F2}.Release|Any CPU.ActiveCfg = Release|Any CPU
		{A9C20DE5-B4A2-4307-991F-432D7F5E88F2}.Release|Any CPU.Build.0 = Release|Any CPU
		{F95D470B-F27F-4DEF-859B-E7A169213D34}.Debug|Any CPU.ActiveCfg = Debug|Any CPU
		{F95D470B-F27F-4DEF-859B-E7A169213D34}.Debug|Any CPU.Build.0 = Debug|Any CPU
		{F95D470B-F27F-4DEF-859B-E7A169213D34}.Release|Any CPU.ActiveCfg = Release|Any CPU
		{F95D470B-F27F-4DEF-859B-E7A169213D34}.Release|Any CPU.Build.0 = Release|Any CPU
	EndGlobalSection
	GlobalSection(SolutionProperties) = preSolution
		HideSolutionNode = FALSE
	EndGlobalSection
EndGlobal
